
Microsoft Visual Studio Solution File, Format Version 12.00
# Visual Studio 14
VisualStudioVersion = 14.0.25420.1
MinimumVisualStudioVersion = 10.0.40219.1
Project("{FAE04EC0-301F-11D3-BF4B-00C04F79EFBC}") = "Brick Blocks", "Brick Blocks\Brick Blocks.csproj", "{65B2B3CA-12E8-4B11-89B3-2010D347AFEC}"
EndProject
Global
	GlobalSection(SolutionConfigurationPlatforms) = preSolution
		Debug|Any CPU = Debug|Any CPU
		Release|Any CPU = Release|Any CPU
	EndGlobalSection
	GlobalSection(ProjectConfigurationPlatforms) = postSolution
		{65B2B3CA-12E8-4B11-89B3-2010D347AFEC}.Debug|Any CPU.ActiveCfg = Debug|Any CPU
		{65B2B3CA-12E8-4B11-89B3-2010D347AFEC}.Debug|Any CPU.Build.0 = Debug|Any CPU
		{65B2B3CA-12E8-4B11-89B3-2010D347AFEC}.Release|Any CPU.ActiveCfg = Release|Any CPU
		{65B2B3CA-12E8-4B11-89B3-2010D347AFEC}.Release|Any CPU.Build.0 = Release|Any CPU
	EndGlobalSection
	GlobalSection(SolutionProperties) = preSolution
		HideSolutionNode = FALSE
	EndGlobalSection
EndGlobal
